
Microsoft Visual Studio Solution File, Format Version 12.00
# Visual Studio 2012
Project("{FAE04EC0-301F-11D3-BF4B-00C04F79EFBC}") = "CaptchaMvc(Mvc 3)", "CaptchaMvc(Mvc 3)\CaptchaMvc(Mvc 3).csproj", "{3B9BA092-1054-4189-B3DF-A0D32756317A}"
EndProject
Project("{FAE04EC0-301F-11D3-BF4B-00C04F79EFBC}") = "CaptchaMvc(Mvc 4)", "CaptchaMvc(Mvc 4)\CaptchaMvc(Mvc 4).csproj", "{DDE703E5-5514-4A3C-A06E-4F1169C4B3E8}"
EndProject
Project("{FAE04EC0-301F-11D3-BF4B-00C04F79EFBC}") = "CaptchaMvc.Test(Mvc 3)", "CaptchaMvc.Test(Mvc 3)\CaptchaMvc.Test(Mvc 3).csproj", "{1768771C-2484-4CDF-A184-1265F50BA767}"
EndProject
Project("{2150E333-8FDC-42A3-9474-1A3956D46DE8}") = "Libs", "Libs", "{07491834-E387-4189-91D8-F954A4038D51}"
EndProject
Global
	GlobalSection(SolutionConfigurationPlatforms) = preSolution
		Debug|Any CPU = Debug|Any CPU
		Release|Any CPU = Release|Any CPU
	EndGlobalSection
	GlobalSection(ProjectConfigurationPlatforms) = postSolution
		{1768771C-2484-4CDF-A184-1265F50BA767}.Debug|Any CPU.ActiveCfg = Debug|Any CPU
		{1768771C-2484-4CDF-A184-1265F50BA767}.Debug|Any CPU.Build.0 = Debug|Any CPU
		{1768771C-2484-4CDF-A184-1265F50BA767}.Release|Any CPU.ActiveCfg = Release|Any CPU
		{3B9BA092-1054-4189-B3DF-A0D32756317A}.Debug|Any CPU.ActiveCfg = Debug|Any CPU
		{3B9BA092-1054-4189-B3DF-A0D32756317A}.Debug|Any CPU.Build.0 = Debug|Any CPU
		{3B9BA092-1054-4189-B3DF-A0D32756317A}.Release|Any CPU.ActiveCfg = Release|Any CPU
		{3B9BA092-1054-4189-B3DF-A0D32756317A}.Release|Any CPU.Build.0 = Release|Any CPU
		{DDE703E5-5514-4A3C-A06E-4F1169C4B3E8}.Debug|Any CPU.ActiveCfg = Debug|Any CPU
		{DDE703E5-5514-4A3C-A06E-4F1169C4B3E8}.Debug|Any CPU.Build.0 = Debug|Any CPU
		{DDE703E5-5514-4A3C-A06E-4F1169C4B3E8}.Release|Any CPU.ActiveCfg = Release|Any CPU
		{DDE703E5-5514-4A3C-A06E-4F1169C4B3E8}.Release|Any CPU.Build.0 = Release|Any CPU
	EndGlobalSection
	GlobalSection(SolutionProperties) = preSolution
		HideSolutionNode = FALSE
	EndGlobalSection
EndGlobal
