
Microsoft Visual Studio Solution File, Format Version 12.00
# Visual Studio 2013
VisualStudioVersion = 12.0.21005.1
MinimumVisualStudioVersion = 10.0.40219.1
Project("{FAE04EC0-301F-11D3-BF4B-00C04F79EFBC}") = "CaptchaMvc(Mvc 3)", "CaptchaMvc(Mvc 3)\CaptchaMvc(Mvc 3).csproj", "{3B9BA092-1054-4189-B3DF-A0D32756317A}"
EndProject
Project("{FAE04EC0-301F-11D3-BF4B-00C04F79EFBC}") = "CaptchaMvc(Mvc 4)", "CaptchaMvc(Mvc 4)\CaptchaMvc(Mvc 4).csproj", "{DDE703E5-5514-4A3C-A06E-4F1169C4B3E8}"
EndProject
Project("{2150E333-8FDC-42A3-9474-1A3956D46DE8}") = "Libs", "Libs", "{07491834-E387-4189-91D8-F954A4038D51}"
EndProject
Project("{FAE04EC0-301F-11D3-BF4B-00C04F79EFBC}") = "CaptchaMvc(Mvc 5)", "CaptchaMvc(Mvc 5)\CaptchaMvc(Mvc 5).csproj", "{35BDA285-849C-4116-A98C-CC9404950189}"
EndProject
Global
	GlobalSection(SolutionConfigurationPlatforms) = preSolution
		Debug|Any CPU = Debug|Any CPU
		Release|Any CPU = Release|Any CPU
	EndGlobalSection
	GlobalSection(ProjectConfigurationPlatforms) = postSolution
		{3B9BA092-1054-4189-B3DF-A0D32756317A}.Debug|Any CPU.ActiveCfg = Debug|Any CPU
		{3B9BA092-1054-4189-B3DF-A0D32756317A}.Debug|Any CPU.Build.0 = Debug|Any CPU
		{3B9BA092-1054-4189-B3DF-A0D32756317A}.Release|Any CPU.ActiveCfg = Release|Any CPU
		{3B9BA092-1054-4189-B3DF-A0D32756317A}.Release|Any CPU.Build.0 = Release|Any CPU
		{DDE703E5-5514-4A3C-A06E-4F1169C4B3E8}.Debug|Any CPU.ActiveCfg = Debug|Any CPU
		{DDE703E5-5514-4A3C-A06E-4F1169C4B3E8}.Debug|Any CPU.Build.0 = Debug|Any CPU
		{DDE703E5-5514-4A3C-A06E-4F1169C4B3E8}.Release|Any CPU.ActiveCfg = Release|Any CPU
		{DDE703E5-5514-4A3C-A06E-4F1169C4B3E8}.Release|Any CPU.Build.0 = Release|Any CPU
		{35BDA285-849C-4116-A98C-CC9404950189}.Debug|Any CPU.ActiveCfg = Debug|Any CPU
		{35BDA285-849C-4116-A98C-CC9404950189}.Debug|Any CPU.Build.0 = Debug|Any CPU
		{35BDA285-849C-4116-A98C-CC9404950189}.Release|Any CPU.ActiveCfg = Release|Any CPU
		{35BDA285-849C-4116-A98C-CC9404950189}.Release|Any CPU.Build.0 = Release|Any CPU
	EndGlobalSection
	GlobalSection(SolutionProperties) = preSolution
		HideSolutionNode = FALSE
	EndGlobalSection
EndGlobal
